// !$*UTF8*$!
{
	archiveVersion = 1;
	classes = {
	};
	objectVersion = 51;
	objects = {

/* Begin PBXBuildFile section */
		A39D5414DBE412A0D19A9E0F /* Pods_FoodDelivery.framework in Frameworks */ = {isa = PBXBuildFile; fileRef = 94321210D132433A86D6E642 /* Pods_FoodDelivery.framework */; };
		FF092B6026500AD700D55A89 /* FoodCell.swift in Sources */ = {isa = PBXBuildFile; fileRef = FF092B5F26500AD700D55A89 /* FoodCell.swift */; };
		FF1A598C2663934700EC102D /* RecipePresenter.swift in Sources */ = {isa = PBXBuildFile; fileRef = FF1A598B2663934700EC102D /* RecipePresenter.swift */; };
		FF1A598E266395DE00EC102D /* RecipeRouter.swift in Sources */ = {isa = PBXBuildFile; fileRef = FF1A598D266395DE00EC102D /* RecipeRouter.swift */; };
		FF38FDB9265018E600CCD911 /* UserPreferences.swift in Sources */ = {isa = PBXBuildFile; fileRef = FF38FDB8265018E600CCD911 /* UserPreferences.swift */; };
		FF59C9B326507468005B14CA /* FoodListRemoteDataManager.swift in Sources */ = {isa = PBXBuildFile; fileRef = FF59C9B226507468005B14CA /* FoodListRemoteDataManager.swift */; };
		FF621EA22651223500F32B72 /* FoodListInteractor.swift in Sources */ = {isa = PBXBuildFile; fileRef = FF621EA12651223500F32B72 /* FoodListInteractor.swift */; };
		FFBC5B85265433E300D086CB /* FoodListLocalDataManager.swift in Sources */ = {isa = PBXBuildFile; fileRef = FFBC5B84265433E300D086CB /* FoodListLocalDataManager.swift */; };
		FFBC5B882654394000D086CB /* FoodDeliveryDataModel.xcdatamodeld in Sources */ = {isa = PBXBuildFile; fileRef = FFBC5B862654394000D086CB /* FoodDeliveryDataModel.xcdatamodeld */; };
		FFBC5B97265447DF00D086CB /* MealModel+CoreDataClass.swift in Sources */ = {isa = PBXBuildFile; fileRef = FFBC5B95265447DF00D086CB /* MealModel+CoreDataClass.swift */; };
		FFBC5B98265447DF00D086CB /* MealModel+CoreDataProperties.swift in Sources */ = {isa = PBXBuildFile; fileRef = FFBC5B96265447DF00D086CB /* MealModel+CoreDataProperties.swift */; };
		FFBC5B9A26544DA900D086CB /* CoreDataStack.swift in Sources */ = {isa = PBXBuildFile; fileRef = FFBC5B9926544DA900D086CB /* CoreDataStack.swift */; };
		FFD48B82264F97F100ABF751 /* AppDelegate.swift in Sources */ = {isa = PBXBuildFile; fileRef = FFD48B81264F97F100ABF751 /* AppDelegate.swift */; };
		FFD48B84264F97F100ABF751 /* SceneDelegate.swift in Sources */ = {isa = PBXBuildFile; fileRef = FFD48B83264F97F100ABF751 /* SceneDelegate.swift */; };
		FFD48B89264F97F100ABF751 /* Main.storyboard in Resources */ = {isa = PBXBuildFile; fileRef = FFD48B87264F97F100ABF751 /* Main.storyboard */; };
		FFD48B8B264F97F200ABF751 /* Assets.xcassets in Resources */ = {isa = PBXBuildFile; fileRef = FFD48B8A264F97F200ABF751 /* Assets.xcassets */; };
		FFD48B8E264F97F200ABF751 /* LaunchScreen.storyboard in Resources */ = {isa = PBXBuildFile; fileRef = FFD48B8C264F97F200ABF751 /* LaunchScreen.storyboard */; };
		FFD48B9F264FAEAE00ABF751 /* FoodListProtocols.swift in Sources */ = {isa = PBXBuildFile; fileRef = FFD48B9E264FAEAE00ABF751 /* FoodListProtocols.swift */; };
		FFD48BA3264FAF8D00ABF751 /* FoodListRouter.swift in Sources */ = {isa = PBXBuildFile; fileRef = FFD48BA2264FAF8D00ABF751 /* FoodListRouter.swift */; };
		FFD48BA6264FB5A300ABF751 /* FoodListView.swift in Sources */ = {isa = PBXBuildFile; fileRef = FFD48BA5264FB5A300ABF751 /* FoodListView.swift */; };
		FFD48BA9264FB91400ABF751 /* FoodListPresenter.swift in Sources */ = {isa = PBXBuildFile; fileRef = FFD48BA8264FB91400ABF751 /* FoodListPresenter.swift */; };
		FFD48BAC264FBDAA00ABF751 /* BannerView.swift in Sources */ = {isa = PBXBuildFile; fileRef = FFD48BAB264FBDAA00ABF751 /* BannerView.swift */; };
		FFD48BAF264FBDC100ABF751 /* CategoriesView.swift in Sources */ = {isa = PBXBuildFile; fileRef = FFD48BAE264FBDC100ABF751 /* CategoriesView.swift */; };
		FFD48BB2264FBDD400ABF751 /* FoodView.swift in Sources */ = {isa = PBXBuildFile; fileRef = FFD48BB1264FBDD400ABF751 /* FoodView.swift */; };
		FFD48BB7264FC03200ABF751 /* BannerCell.swift in Sources */ = {isa = PBXBuildFile; fileRef = FFD48BB6264FC03200ABF751 /* BannerCell.swift */; };
		FFD48BBC264FC77600ABF751 /* CategoryCell.swift in Sources */ = {isa = PBXBuildFile; fileRef = FFD48BBB264FC77600ABF751 /* CategoryCell.swift */; };
		FFDF26A72651479000C768BF /* MealModelShowed.swift in Sources */ = {isa = PBXBuildFile; fileRef = FFDF26A62651479000C768BF /* MealModelShowed.swift */; };
		FFE34AAB26614A59005D44B9 /* RecipeView.swift in Sources */ = {isa = PBXBuildFile; fileRef = FFE34AAA26614A59005D44B9 /* RecipeView.swift */; };
		FFE34AAD26614D0F005D44B9 /* RecipeProtocols.swift in Sources */ = {isa = PBXBuildFile; fileRef = FFE34AAC26614D0F005D44B9 /* RecipeProtocols.swift */; };
/* End PBXBuildFile section */

/* Begin PBXFileReference section */
		579112109FA0BF44CE356B84 /* Pods-FoodDelivery.debug.xcconfig */ = {isa = PBXFileReference; includeInIndex = 1; lastKnownFileType = text.xcconfig; name = "Pods-FoodDelivery.debug.xcconfig"; path = "Target Support Files/Pods-FoodDelivery/Pods-FoodDelivery.debug.xcconfig"; sourceTree = "<group>"; };
		94321210D132433A86D6E642 /* Pods_FoodDelivery.framework */ = {isa = PBXFileReference; explicitFileType = wrapper.framework; includeInIndex = 0; path = Pods_FoodDelivery.framework; sourceTree = BUILT_PRODUCTS_DIR; };
		C8B9402998609F4B34FEEE10 /* Pods-FoodDelivery.release.xcconfig */ = {isa = PBXFileReference; includeInIndex = 1; lastKnownFileType = text.xcconfig; name = "Pods-FoodDelivery.release.xcconfig"; path = "Target Support Files/Pods-FoodDelivery/Pods-FoodDelivery.release.xcconfig"; sourceTree = "<group>"; };
		FF092B5F26500AD700D55A89 /* FoodCell.swift */ = {isa = PBXFileReference; lastKnownFileType = sourcecode.swift; path = FoodCell.swift; sourceTree = "<group>"; };
		FF1A598B2663934700EC102D /* RecipePresenter.swift */ = {isa = PBXFileReference; lastKnownFileType = sourcecode.swift; path = RecipePresenter.swift; sourceTree = "<group>"; };
		FF1A598D266395DE00EC102D /* RecipeRouter.swift */ = {isa = PBXFileReference; lastKnownFileType = sourcecode.swift; path = RecipeRouter.swift; sourceTree = "<group>"; };
		FF38FDB8265018E600CCD911 /* UserPreferences.swift */ = {isa = PBXFileReference; lastKnownFileType = sourcecode.swift; path = UserPreferences.swift; sourceTree = "<group>"; };
		FF59C9B226507468005B14CA /* FoodListRemoteDataManager.swift */ = {isa = PBXFileReference; lastKnownFileType = sourcecode.swift; path = FoodListRemoteDataManager.swift; sourceTree = "<group>"; };
		FF621EA12651223500F32B72 /* FoodListInteractor.swift */ = {isa = PBXFileReference; lastKnownFileType = sourcecode.swift; path = FoodListInteractor.swift; sourceTree = "<group>"; };
		FFBC5B84265433E300D086CB /* FoodListLocalDataManager.swift */ = {isa = PBXFileReference; lastKnownFileType = sourcecode.swift; path = FoodListLocalDataManager.swift; sourceTree = "<group>"; };
		FFBC5B872654394000D086CB /* FoodDeliveryDataModel.xcdatamodel */ = {isa = PBXFileReference; lastKnownFileType = wrapper.xcdatamodel; path = FoodDeliveryDataModel.xcdatamodel; sourceTree = "<group>"; };
		FFBC5B95265447DF00D086CB /* MealModel+CoreDataClass.swift */ = {isa = PBXFileReference; lastKnownFileType = sourcecode.swift; name = "MealModel+CoreDataClass.swift"; path = "/Users/zhelanovav/Desktop/FoodDelivery/FoodDelivery/FoodDelivery/Entities/MealModel+CoreDataClass.swift"; sourceTree = "<absolute>"; };
		FFBC5B96265447DF00D086CB /* MealModel+CoreDataProperties.swift */ = {isa = PBXFileReference; lastKnownFileType = sourcecode.swift; name = "MealModel+CoreDataProperties.swift"; path = "/Users/zhelanovav/Desktop/FoodDelivery/FoodDelivery/FoodDelivery/Entities/MealModel+CoreDataProperties.swift"; sourceTree = "<absolute>"; };
		FFBC5B9926544DA900D086CB /* CoreDataStack.swift */ = {isa = PBXFileReference; lastKnownFileType = sourcecode.swift; path = CoreDataStack.swift; sourceTree = "<group>"; };
		FFD48B7E264F97F100ABF751 /* FoodDelivery.app */ = {isa = PBXFileReference; explicitFileType = wrapper.application; includeInIndex = 0; path = FoodDelivery.app; sourceTree = BUILT_PRODUCTS_DIR; };
		FFD48B81264F97F100ABF751 /* AppDelegate.swift */ = {isa = PBXFileReference; lastKnownFileType = sourcecode.swift; path = AppDelegate.swift; sourceTree = "<group>"; };
		FFD48B83264F97F100ABF751 /* SceneDelegate.swift */ = {isa = PBXFileReference; lastKnownFileType = sourcecode.swift; path = SceneDelegate.swift; sourceTree = "<group>"; };
		FFD48B88264F97F100ABF751 /* Base */ = {isa = PBXFileReference; lastKnownFileType = file.storyboard; name = Base; path = Base.lproj/Main.storyboard; sourceTree = "<group>"; };
		FFD48B8A264F97F200ABF751 /* Assets.xcassets */ = {isa = PBXFileReference; lastKnownFileType = folder.assetcatalog; path = Assets.xcassets; sourceTree = "<group>"; };
		FFD48B8D264F97F200ABF751 /* Base */ = {isa = PBXFileReference; lastKnownFileType = file.storyboard; name = Base; path = Base.lproj/LaunchScreen.storyboard; sourceTree = "<group>"; };
		FFD48B8F264F97F200ABF751 /* Info.plist */ = {isa = PBXFileReference; lastKnownFileType = text.plist.xml; path = Info.plist; sourceTree = "<group>"; };
		FFD48B9E264FAEAE00ABF751 /* FoodListProtocols.swift */ = {isa = PBXFileReference; lastKnownFileType = sourcecode.swift; path = FoodListProtocols.swift; sourceTree = "<group>"; };
		FFD48BA2264FAF8D00ABF751 /* FoodListRouter.swift */ = {isa = PBXFileReference; lastKnownFileType = sourcecode.swift; path = FoodListRouter.swift; sourceTree = "<group>"; };
		FFD48BA5264FB5A300ABF751 /* FoodListView.swift */ = {isa = PBXFileReference; lastKnownFileType = sourcecode.swift; path = FoodListView.swift; sourceTree = "<group>"; };
		FFD48BA8264FB91400ABF751 /* FoodListPresenter.swift */ = {isa = PBXFileReference; lastKnownFileType = sourcecode.swift; path = FoodListPresenter.swift; sourceTree = "<group>"; };
		FFD48BAB264FBDAA00ABF751 /* BannerView.swift */ = {isa = PBXFileReference; lastKnownFileType = sourcecode.swift; path = BannerView.swift; sourceTree = "<group>"; };
		FFD48BAE264FBDC100ABF751 /* CategoriesView.swift */ = {isa = PBXFileReference; lastKnownFileType = sourcecode.swift; path = CategoriesView.swift; sourceTree = "<group>"; };
		FFD48BB1264FBDD400ABF751 /* FoodView.swift */ = {isa = PBXFileReference; lastKnownFileType = sourcecode.swift; path = FoodView.swift; sourceTree = "<group>"; };
		FFD48BB6264FC03200ABF751 /* BannerCell.swift */ = {isa = PBXFileReference; lastKnownFileType = sourcecode.swift; path = BannerCell.swift; sourceTree = "<group>"; };
		FFD48BBB264FC77600ABF751 /* CategoryCell.swift */ = {isa = PBXFileReference; lastKnownFileType = sourcecode.swift; path = CategoryCell.swift; sourceTree = "<group>"; };
		FFDF26A62651479000C768BF /* MealModelShowed.swift */ = {isa = PBXFileReference; lastKnownFileType = sourcecode.swift; path = MealModelShowed.swift; sourceTree = "<group>"; };
		FFE34AAA26614A59005D44B9 /* RecipeView.swift */ = {isa = PBXFileReference; lastKnownFileType = sourcecode.swift; path = RecipeView.swift; sourceTree = "<group>"; };
		FFE34AAC26614D0F005D44B9 /* RecipeProtocols.swift */ = {isa = PBXFileReference; lastKnownFileType = sourcecode.swift; path = RecipeProtocols.swift; sourceTree = "<group>"; };
/* End PBXFileReference section */

/* Begin PBXFrameworksBuildPhase section */
		FFD48B7B264F97F100ABF751 /* Frameworks */ = {
			isa = PBXFrameworksBuildPhase;
			buildActionMask = 2147483647;
			files = (
				A39D5414DBE412A0D19A9E0F /* Pods_FoodDelivery.framework in Frameworks */,
			);
			runOnlyForDeploymentPostprocessing = 0;
		};
/* End PBXFrameworksBuildPhase section */

/* Begin PBXGroup section */
		32CD8DDAE4AEFE555BB12FA0 /* Pods */ = {
			isa = PBXGroup;
			children = (
				579112109FA0BF44CE356B84 /* Pods-FoodDelivery.debug.xcconfig */,
				C8B9402998609F4B34FEEE10 /* Pods-FoodDelivery.release.xcconfig */,
			);
			path = Pods;
			sourceTree = "<group>";
		};
		75483E3B17FDC72B9DF3CC5E /* Frameworks */ = {
			isa = PBXGroup;
			children = (
				94321210D132433A86D6E642 /* Pods_FoodDelivery.framework */,
			);
			name = Frameworks;
			sourceTree = "<group>";
		};
		FF092B62265010AE00D55A89 /* Food */ = {
			isa = PBXGroup;
			children = (
				FFD48BB1264FBDD400ABF751 /* FoodView.swift */,
				FF092B5F26500AD700D55A89 /* FoodCell.swift */,
			);
			path = Food;
			sourceTree = "<group>";
		};
		FF59C9B1265073C0005B14CA /* Remote */ = {
			isa = PBXGroup;
			children = (
				FF59C9B226507468005B14CA /* FoodListRemoteDataManager.swift */,
			);
			path = Remote;
			sourceTree = "<group>";
		};
		FFA92062265D84F000A40395 /* Recipe */ = {
			isa = PBXGroup;
			children = (
				FFA92067265D856C00A40395 /* Presenter */,
				FFA92065265D855E00A40395 /* Protocols */,
				FFA92064265D855800A40395 /* View */,
				FFA92063265D854A00A40395 /* Router */,
			);
			path = Recipe;
			sourceTree = "<group>";
		};
		FFA92063265D854A00A40395 /* Router */ = {
			isa = PBXGroup;
			children = (
				FF1A598D266395DE00EC102D /* RecipeRouter.swift */,
			);
			path = Router;
			sourceTree = "<group>";
		};
		FFA92064265D855800A40395 /* View */ = {
			isa = PBXGroup;
			children = (
				FFE34AAA26614A59005D44B9 /* RecipeView.swift */,
			);
			path = View;
			sourceTree = "<group>";
		};
		FFA92065265D855E00A40395 /* Protocols */ = {
			isa = PBXGroup;
			children = (
				FFE34AAC26614D0F005D44B9 /* RecipeProtocols.swift */,
			);
			path = Protocols;
			sourceTree = "<group>";
		};
		FFA92067265D856C00A40395 /* Presenter */ = {
			isa = PBXGroup;
			children = (
				FF1A598B2663934700EC102D /* RecipePresenter.swift */,
			);
			path = Presenter;
			sourceTree = "<group>";
		};
		FFBC5B83265433D000D086CB /* Local */ = {
			isa = PBXGroup;
			children = (
				FFBC5B84265433E300D086CB /* FoodListLocalDataManager.swift */,
			);
			path = Local;
			sourceTree = "<group>";
		};
		FFD48B75264F97F100ABF751 = {
			isa = PBXGroup;
			children = (
				FFD48B80264F97F100ABF751 /* FoodDelivery */,
				FFD48B7F264F97F100ABF751 /* Products */,
				32CD8DDAE4AEFE555BB12FA0 /* Pods */,
				75483E3B17FDC72B9DF3CC5E /* Frameworks */,
			);
			sourceTree = "<group>";
		};
		FFD48B7F264F97F100ABF751 /* Products */ = {
			isa = PBXGroup;
			children = (
				FFD48B7E264F97F100ABF751 /* FoodDelivery.app */,
			);
			name = Products;
			sourceTree = "<group>";
		};
		FFD48B80264F97F100ABF751 /* FoodDelivery */ = {
			isa = PBXGroup;
			children = (
				FFD48B81264F97F100ABF751 /* AppDelegate.swift */,
				FFD48B83264F97F100ABF751 /* SceneDelegate.swift */,
				FFD48B87264F97F100ABF751 /* Main.storyboard */,
				FFD48B97264FADDF00ABF751 /* Entities */,
				FFD48B96264FAC6500ABF751 /* FoodList */,
				FFA92062265D84F000A40395 /* Recipe */,
				FFD48B8A264F97F200ABF751 /* Assets.xcassets */,
				FFD48B8C264F97F200ABF751 /* LaunchScreen.storyboard */,
				FFD48B8F264F97F200ABF751 /* Info.plist */,
				FF38FDB8265018E600CCD911 /* UserPreferences.swift */,
				FFBC5B862654394000D086CB /* FoodDeliveryDataModel.xcdatamodeld */,
				FFBC5B9926544DA900D086CB /* CoreDataStack.swift */,
			);
			path = FoodDelivery;
			sourceTree = "<group>";
		};
		FFD48B96264FAC6500ABF751 /* FoodList */ = {
			isa = PBXGroup;
			children = (
				FFD48B98264FADFF00ABF751 /* Data Manager */,
				FFD48B9A264FAE2800ABF751 /* Presenter */,
				FFD48B99264FAE0C00ABF751 /* Interactor */,
				FFD48B9B264FAE3300ABF751 /* Protocols */,
				FFD48B9D264FAE5F00ABF751 /* View */,
				FFD48B9C264FAE3D00ABF751 /* Router */,
			);
			path = FoodList;
			sourceTree = "<group>";
		};
		FFD48B97264FADDF00ABF751 /* Entities */ = {
			isa = PBXGroup;
			children = (
				FFBC5B95265447DF00D086CB /* MealModel+CoreDataClass.swift */,
				FFBC5B96265447DF00D086CB /* MealModel+CoreDataProperties.swift */,
				FFDF26A62651479000C768BF /* MealModelShowed.swift */,
			);
			path = Entities;
			sourceTree = "<group>";
		};
		FFD48B98264FADFF00ABF751 /* Data Manager */ = {
			isa = PBXGroup;
			children = (
				FFBC5B83265433D000D086CB /* Local */,
				FF59C9B1265073C0005B14CA /* Remote */,
			);
			path = "Data Manager";
			sourceTree = "<group>";
		};
		FFD48B99264FAE0C00ABF751 /* Interactor */ = {
			isa = PBXGroup;
			children = (
				FF621EA12651223500F32B72 /* FoodListInteractor.swift */,
			);
			path = Interactor;
			sourceTree = "<group>";
		};
		FFD48B9A264FAE2800ABF751 /* Presenter */ = {
			isa = PBXGroup;
			children = (
				FFD48BA8264FB91400ABF751 /* FoodListPresenter.swift */,
			);
			path = Presenter;
			sourceTree = "<group>";
		};
		FFD48B9B264FAE3300ABF751 /* Protocols */ = {
			isa = PBXGroup;
			children = (
				FFD48B9E264FAEAE00ABF751 /* FoodListProtocols.swift */,
			);
			path = Protocols;
			sourceTree = "<group>";
		};
		FFD48B9C264FAE3D00ABF751 /* Router */ = {
			isa = PBXGroup;
			children = (
				FFD48BA2264FAF8D00ABF751 /* FoodListRouter.swift */,
			);
			path = Router;
			sourceTree = "<group>";
		};
		FFD48B9D264FAE5F00ABF751 /* View */ = {
			isa = PBXGroup;
			children = (
				FFD48BA5264FB5A300ABF751 /* FoodListView.swift */,
				FFD48BB9264FC71B00ABF751 /* Banner */,
				FFD48BBE264FD0C900ABF751 /* Category */,
				FF092B62265010AE00D55A89 /* Food */,
			);
			path = View;
			sourceTree = "<group>";
		};
		FFD48BB9264FC71B00ABF751 /* Banner */ = {
			isa = PBXGroup;
			children = (
				FFD48BAB264FBDAA00ABF751 /* BannerView.swift */,
				FFD48BB6264FC03200ABF751 /* BannerCell.swift */,
			);
			path = Banner;
			sourceTree = "<group>";
		};
		FFD48BBE264FD0C900ABF751 /* Category */ = {
			isa = PBXGroup;
			children = (
				FFD48BAE264FBDC100ABF751 /* CategoriesView.swift */,
				FFD48BBB264FC77600ABF751 /* CategoryCell.swift */,
			);
			path = Category;
			sourceTree = "<group>";
		};
/* End PBXGroup section */

/* Begin PBXNativeTarget section */
		FFD48B7D264F97F100ABF751 /* FoodDelivery */ = {
			isa = PBXNativeTarget;
			buildConfigurationList = FFD48B92264F97F300ABF751 /* Build configuration list for PBXNativeTarget "FoodDelivery" */;
			buildPhases = (
				B833C160036DC3BAFC81300B /* [CP] Check Pods Manifest.lock */,
				FFD48B7A264F97F100ABF751 /* Sources */,
				FFD48B7B264F97F100ABF751 /* Frameworks */,
				FFD48B7C264F97F100ABF751 /* Resources */,
				889DF5514063CBC5A7CE130C /* [CP] Embed Pods Frameworks */,
			);
			buildRules = (
			);
			dependencies = (
			);
			name = FoodDelivery;
			productName = FoodDelivery;
			productReference = FFD48B7E264F97F100ABF751 /* FoodDelivery.app */;
			productType = "com.apple.product-type.application";
		};
/* End PBXNativeTarget section */

/* Begin PBXProject section */
		FFD48B76264F97F100ABF751 /* Project object */ = {
			isa = PBXProject;
			attributes = {
				LastSwiftUpdateCheck = 1220;
				LastUpgradeCheck = 1220;
				TargetAttributes = {
					FFD48B7D264F97F100ABF751 = {
						CreatedOnToolsVersion = 12.2;
					};
				};
			};
			buildConfigurationList = FFD48B79264F97F100ABF751 /* Build configuration list for PBXProject "FoodDelivery" */;
			compatibilityVersion = "Xcode 9.3";
			developmentRegion = en;
			hasScannedForEncodings = 0;
			knownRegions = (
				en,
				Base,
			);
			mainGroup = FFD48B75264F97F100ABF751;
			productRefGroup = FFD48B7F264F97F100ABF751 /* Products */;
			projectDirPath = "";
			projectRoot = "";
			targets = (
				FFD48B7D264F97F100ABF751 /* FoodDelivery */,
			);
		};
/* End PBXProject section */

/* Begin PBXResourcesBuildPhase section */
		FFD48B7C264F97F100ABF751 /* Resources */ = {
			isa = PBXResourcesBuildPhase;
			buildActionMask = 2147483647;
			files = (
				FFD48B8E264F97F200ABF751 /* LaunchScreen.storyboard in Resources */,
				FFD48B8B264F97F200ABF751 /* Assets.xcassets in Resources */,
				FFD48B89264F97F100ABF751 /* Main.storyboard in Resources */,
			);
			runOnlyForDeploymentPostprocessing = 0;
		};
/* End PBXResourcesBuildPhase section */

/* Begin PBXShellScriptBuildPhase section */
		889DF5514063CBC5A7CE130C /* [CP] Embed Pods Frameworks */ = {
			isa = PBXShellScriptBuildPhase;
			buildActionMask = 2147483647;
			files = (
			);
			inputFileListPaths = (
				"${PODS_ROOT}/Target Support Files/Pods-FoodDelivery/Pods-FoodDelivery-frameworks-${CONFIGURATION}-input-files.xcfilelist",
			);
			name = "[CP] Embed Pods Frameworks";
			outputFileListPaths = (
				"${PODS_ROOT}/Target Support Files/Pods-FoodDelivery/Pods-FoodDelivery-frameworks-${CONFIGURATION}-output-files.xcfilelist",
			);
			runOnlyForDeploymentPostprocessing = 0;
			shellPath = /bin/sh;
			shellScript = "\"${PODS_ROOT}/Target Support Files/Pods-FoodDelivery/Pods-FoodDelivery-frameworks.sh\"\n";
			showEnvVarsInLog = 0;
		};
		B833C160036DC3BAFC81300B /* [CP] Check Pods Manifest.lock */ = {
			isa = PBXShellScriptBuildPhase;
			buildActionMask = 2147483647;
			files = (
			);
			inputFileListPaths = (
			);
			inputPaths = (
				"${PODS_PODFILE_DIR_PATH}/Podfile.lock",
				"${PODS_ROOT}/Manifest.lock",
			);
			name = "[CP] Check Pods Manifest.lock";
			outputFileListPaths = (
			);
			outputPaths = (
				"$(DERIVED_FILE_DIR)/Pods-FoodDelivery-checkManifestLockResult.txt",
			);
			runOnlyForDeploymentPostprocessing = 0;
			shellPath = /bin/sh;
			shellScript = "diff \"${PODS_PODFILE_DIR_PATH}/Podfile.lock\" \"${PODS_ROOT}/Manifest.lock\" > /dev/null\nif [ $? != 0 ] ; then\n    # print error to STDERR\n    echo \"error: The sandbox is not in sync with the Podfile.lock. Run 'pod install' or update your CocoaPods installation.\" >&2\n    exit 1\nfi\n# This output is used by Xcode 'outputs' to avoid re-running this script phase.\necho \"SUCCESS\" > \"${SCRIPT_OUTPUT_FILE_0}\"\n";
			showEnvVarsInLog = 0;
		};
/* End PBXShellScriptBuildPhase section */

/* Begin PBXSourcesBuildPhase section */
		FFD48B7A264F97F100ABF751 /* Sources */ = {
			isa = PBXSourcesBuildPhase;
			buildActionMask = 2147483647;
			files = (
				FFD48BA6264FB5A300ABF751 /* FoodListView.swift in Sources */,
				FFBC5B85265433E300D086CB /* FoodListLocalDataManager.swift in Sources */,
				FF092B6026500AD700D55A89 /* FoodCell.swift in Sources */,
				FF621EA22651223500F32B72 /* FoodListInteractor.swift in Sources */,
				FFDF26A72651479000C768BF /* MealModelShowed.swift in Sources */,
				FFD48BB7264FC03200ABF751 /* BannerCell.swift in Sources */,
				FFBC5B882654394000D086CB /* FoodDeliveryDataModel.xcdatamodeld in Sources */,
				FFD48B82264F97F100ABF751 /* AppDelegate.swift in Sources */,
				FF1A598C2663934700EC102D /* RecipePresenter.swift in Sources */,
				FF1A598E266395DE00EC102D /* RecipeRouter.swift in Sources */,
				FF38FDB9265018E600CCD911 /* UserPreferences.swift in Sources */,
				FFD48BA9264FB91400ABF751 /* FoodListPresenter.swift in Sources */,
				FFBC5B98265447DF00D086CB /* MealModel+CoreDataProperties.swift in Sources */,
				FFD48BAC264FBDAA00ABF751 /* BannerView.swift in Sources */,
				FFD48BAF264FBDC100ABF751 /* CategoriesView.swift in Sources */,
				FFD48BB2264FBDD400ABF751 /* FoodView.swift in Sources */,
				FF59C9B326507468005B14CA /* FoodListRemoteDataManager.swift in Sources */,
				FFD48B84264F97F100ABF751 /* SceneDelegate.swift in Sources */,
				FFBC5B9A26544DA900D086CB /* CoreDataStack.swift in Sources */,
				FFBC5B97265447DF00D086CB /* MealModel+CoreDataClass.swift in Sources */,
				FFE34AAD26614D0F005D44B9 /* RecipeProtocols.swift in Sources */,
				FFE34AAB26614A59005D44B9 /* RecipeView.swift in Sources */,
				FFD48B9F264FAEAE00ABF751 /* FoodListProtocols.swift in Sources */,
				FFD48BA3264FAF8D00ABF751 /* FoodListRouter.swift in Sources */,
				FFD48BBC264FC77600ABF751 /* CategoryCell.swift in Sources */,
			);
			runOnlyForDeploymentPostprocessing = 0;
		};
/* End PBXSourcesBuildPhase section */

/* Begin PBXVariantGroup section */
		FFD48B87264F97F100ABF751 /* Main.storyboard */ = {
			isa = PBXVariantGroup;
			children = (
				FFD48B88264F97F100ABF751 /* Base */,
			);
			name = Main.storyboard;
			sourceTree = "<group>";
		};
		FFD48B8C264F97F200ABF751 /* LaunchScreen.storyboard */ = {
			isa = PBXVariantGroup;
			children = (
				FFD48B8D264F97F200ABF751 /* Base */,
			);
			name = LaunchScreen.storyboard;
			sourceTree = "<group>";
		};
/* End PBXVariantGroup section */

/* Begin XCBuildConfiguration section */
		FFD48B90264F97F200ABF751 /* Debug */ = {
			isa = XCBuildConfiguration;
			buildSettings = {
				ALWAYS_SEARCH_USER_PATHS = NO;
				CLANG_ANALYZER_NONNULL = YES;
				CLANG_ANALYZER_NUMBER_OBJECT_CONVERSION = YES_AGGRESSIVE;
				CLANG_CXX_LANGUAGE_STANDARD = "gnu++14";
				CLANG_CXX_LIBRARY = "libc++";
				CLANG_ENABLE_MODULES = YES;
				CLANG_ENABLE_OBJC_ARC = YES;
				CLANG_ENABLE_OBJC_WEAK = YES;
				CLANG_WARN_BLOCK_CAPTURE_AUTORELEASING = YES;
				CLANG_WARN_BOOL_CONVERSION = YES;
				CLANG_WARN_COMMA = YES;
				CLANG_WARN_CONSTANT_CONVERSION = YES;
				CLANG_WARN_DEPRECATED_OBJC_IMPLEMENTATIONS = YES;
				CLANG_WARN_DIRECT_OBJC_ISA_USAGE = YES_ERROR;
				CLANG_WARN_DOCUMENTATION_COMMENTS = YES;
				CLANG_WARN_EMPTY_BODY = YES;
				CLANG_WARN_ENUM_CONVERSION = YES;
				CLANG_WARN_INFINITE_RECURSION = YES;
				CLANG_WARN_INT_CONVERSION = YES;
				CLANG_WARN_NON_LITERAL_NULL_CONVERSION = YES;
				CLANG_WARN_OBJC_IMPLICIT_RETAIN_SELF = YES;
				CLANG_WARN_OBJC_LITERAL_CONVERSION = YES;
				CLANG_WARN_OBJC_ROOT_CLASS = YES_ERROR;
				CLANG_WARN_QUOTED_INCLUDE_IN_FRAMEWORK_HEADER = YES;
				CLANG_WARN_RANGE_LOOP_ANALYSIS = YES;
				CLANG_WARN_STRICT_PROTOTYPES = YES;
				CLANG_WARN_SUSPICIOUS_MOVE = YES;
				CLANG_WARN_UNGUARDED_AVAILABILITY = YES_AGGRESSIVE;
				CLANG_WARN_UNREACHABLE_CODE = YES;
				CLANG_WARN__DUPLICATE_METHOD_MATCH = YES;
				COPY_PHASE_STRIP = NO;
				DEBUG_INFORMATION_FORMAT = dwarf;
				ENABLE_STRICT_OBJC_MSGSEND = YES;
				ENABLE_TESTABILITY = YES;
				GCC_C_LANGUAGE_STANDARD = gnu11;
				GCC_DYNAMIC_NO_PIC = NO;
				GCC_NO_COMMON_BLOCKS = YES;
				GCC_OPTIMIZATION_LEVEL = 0;
				GCC_PREPROCESSOR_DEFINITIONS = (
					"DEBUG=1",
					"$(inherited)",
				);
				GCC_WARN_64_TO_32_BIT_CONVERSION = YES;
				GCC_WARN_ABOUT_RETURN_TYPE = YES_ERROR;
				GCC_WARN_UNDECLARED_SELECTOR = YES;
				GCC_WARN_UNINITIALIZED_AUTOS = YES_AGGRESSIVE;
				GCC_WARN_UNUSED_FUNCTION = YES;
				GCC_WARN_UNUSED_VARIABLE = YES;
				IPHONEOS_DEPLOYMENT_TARGET = 14.1;
				MTL_ENABLE_DEBUG_INFO = INCLUDE_SOURCE;
				MTL_FAST_MATH = YES;
				ONLY_ACTIVE_ARCH = YES;
				SDKROOT = iphoneos;
				SWIFT_ACTIVE_COMPILATION_CONDITIONS = DEBUG;
				SWIFT_OPTIMIZATION_LEVEL = "-Onone";
			};
			name = Debug;
		};
		FFD48B91264F97F200ABF751 /* Release */ = {
			isa = XCBuildConfiguration;
			buildSettings = {
				ALWAYS_SEARCH_USER_PATHS = NO;
				CLANG_ANALYZER_NONNULL = YES;
				CLANG_ANALYZER_NUMBER_OBJECT_CONVERSION = YES_AGGRESSIVE;
				CLANG_CXX_LANGUAGE_STANDARD = "gnu++14";
				CLANG_CXX_LIBRARY = "libc++";
				CLANG_ENABLE_MODULES = YES;
				CLANG_ENABLE_OBJC_ARC = YES;
				CLANG_ENABLE_OBJC_WEAK = YES;
				CLANG_WARN_BLOCK_CAPTURE_AUTORELEASING = YES;
				CLANG_WARN_BOOL_CONVERSION = YES;
				CLANG_WARN_COMMA = YES;
				CLANG_WARN_CONSTANT_CONVERSION = YES;
				CLANG_WARN_DEPRECATED_OBJC_IMPLEMENTATIONS = YES;
				CLANG_WARN_DIRECT_OBJC_ISA_USAGE = YES_ERROR;
				CLANG_WARN_DOCUMENTATION_COMMENTS = YES;
				CLANG_WARN_EMPTY_BODY = YES;
				CLANG_WARN_ENUM_CONVERSION = YES;
				CLANG_WARN_INFINITE_RECURSION = YES;
				CLANG_WARN_INT_CONVERSION = YES;
				CLANG_WARN_NON_LITERAL_NULL_CONVERSION = YES;
				CLANG_WARN_OBJC_IMPLICIT_RETAIN_SELF = YES;
				CLANG_WARN_OBJC_LITERAL_CONVERSION = YES;
				CLANG_WARN_OBJC_ROOT_CLASS = YES_ERROR;
				CLANG_WARN_QUOTED_INCLUDE_IN_FRAMEWORK_HEADER = YES;
				CLANG_WARN_RANGE_LOOP_ANALYSIS = YES;
				CLANG_WARN_STRICT_PROTOTYPES = YES;
				CLANG_WARN_SUSPICIOUS_MOVE = YES;
				CLANG_WARN_UNGUARDED_AVAILABILITY = YES_AGGRESSIVE;
				CLANG_WARN_UNREACHABLE_CODE = YES;
				CLANG_WARN__DUPLICATE_METHOD_MATCH = YES;
				COPY_PHASE_STRIP = NO;
				DEBUG_INFORMATION_FORMAT = "dwarf-with-dsym";
				ENABLE_NS_ASSERTIONS = NO;
				ENABLE_STRICT_OBJC_MSGSEND = YES;
				GCC_C_LANGUAGE_STANDARD = gnu11;
				GCC_NO_COMMON_BLOCKS = YES;
				GCC_WARN_64_TO_32_BIT_CONVERSION = YES;
				GCC_WARN_ABOUT_RETURN_TYPE = YES_ERROR;
				GCC_WARN_UNDECLARED_SELECTOR = YES;
				GCC_WARN_UNINITIALIZED_AUTOS = YES_AGGRESSIVE;
				GCC_WARN_UNUSED_FUNCTION = YES;
				GCC_WARN_UNUSED_VARIABLE = YES;
				IPHONEOS_DEPLOYMENT_TARGET = 14.1;
				MTL_ENABLE_DEBUG_INFO = NO;
				MTL_FAST_MATH = YES;
				SDKROOT = iphoneos;
				SWIFT_COMPILATION_MODE = wholemodule;
				SWIFT_OPTIMIZATION_LEVEL = "-O";
				VALIDATE_PRODUCT = YES;
			};
			name = Release;
		};
		FFD48B93264F97F300ABF751 /* Debug */ = {
			isa = XCBuildConfiguration;
			baseConfigurationReference = 579112109FA0BF44CE356B84 /* Pods-FoodDelivery.debug.xcconfig */;
			buildSettings = {
				ASSETCATALOG_COMPILER_APPICON_NAME = AppIcon;
				ASSETCATALOG_COMPILER_GLOBAL_ACCENT_COLOR_NAME = AccentColor;
				CODE_SIGN_STYLE = Automatic;
				DEVELOPMENT_TEAM = P77P34C9FQ;
				INFOPLIST_FILE = FoodDelivery/Info.plist;
				LD_RUNPATH_SEARCH_PATHS = (
					"$(inherited)",
					"@executable_path/Frameworks",
				);
				PRODUCT_BUNDLE_IDENTIFIER = com.OlwaStd.FoodDelivery;
				PRODUCT_NAME = "$(TARGET_NAME)";
				SWIFT_VERSION = 5.0;
				TARGETED_DEVICE_FAMILY = "1,2";
			};
			name = Debug;
		};
		FFD48B94264F97F300ABF751 /* Release */ = {
			isa = XCBuildConfiguration;
			baseConfigurationReference = C8B9402998609F4B34FEEE10 /* Pods-FoodDelivery.release.xcconfig */;
			buildSettings = {
				ASSETCATALOG_COMPILER_APPICON_NAME = AppIcon;
				ASSETCATALOG_COMPILER_GLOBAL_ACCENT_COLOR_NAME = AccentColor;
				CODE_SIGN_STYLE = Automatic;
				DEVELOPMENT_TEAM = P77P34C9FQ;
				INFOPLIST_FILE = FoodDelivery/Info.plist;
				LD_RUNPATH_SEARCH_PATHS = (
					"$(inherited)",
					"@executable_path/Frameworks",
				);
				PRODUCT_BUNDLE_IDENTIFIER = com.OlwaStd.FoodDelivery;
				PRODUCT_NAME = "$(TARGET_NAME)";
				SWIFT_VERSION = 5.0;
				TARGETED_DEVICE_FAMILY = "1,2";
			};
			name = Release;
		};
/* End XCBuildConfiguration section */

/* Begin XCConfigurationList section */
		FFD48B79264F97F100ABF751 /* Build configuration list for PBXProject "FoodDelivery" */ = {
			isa = XCConfigurationList;
			buildConfigurations = (
				FFD48B90264F97F200ABF751 /* Debug */,
				FFD48B91264F97F200ABF751 /* Release */,
			);
			defaultConfigurationIsVisible = 0;
			defaultConfigurationName = Release;
		};
		FFD48B92264F97F300ABF751 /* Build configuration list for PBXNativeTarget "FoodDelivery" */ = {
			isa = XCConfigurationList;
			buildConfigurations = (
				FFD48B93264F97F300ABF751 /* Debug */,
				FFD48B94264F97F300ABF751 /* Release */,
			);
			defaultConfigurationIsVisible = 0;
			defaultConfigurationName = Release;
		};
/* End XCConfigurationList section */

/* Begin XCVersionGroup section */
		FFBC5B862654394000D086CB /* FoodDeliveryDataModel.xcdatamodeld */ = {
			isa = XCVersionGroup;
			children = (
				FFBC5B872654394000D086CB /* FoodDeliveryDataModel.xcdatamodel */,
			);
			currentVersion = FFBC5B872654394000D086CB /* FoodDeliveryDataModel.xcdatamodel */;
			path = FoodDeliveryDataModel.xcdatamodeld;
			sourceTree = "<group>";
			versionGroupType = wrapper.xcdatamodel;
		};
/* End XCVersionGroup section */
	};
	rootObject = FFD48B76264F97F100ABF751 /* Project object */;
}
